// !$*UTF8*$!
{
	archiveVersion = 1;
	classes = {
	};
	objectVersion = 56;
	objects = {

/* Begin PBXBuildFile section */
		3A0175DF2C04AF2600AF3D6F /* FrameSkinApp.swift in Sources */ = {isa = PBXBuildFile; fileRef = 3A0175DE2C04AF2600AF3D6F /* FrameSkinApp.swift */; };
		3A0175E12C04AF2600AF3D6F /* ContentView.swift in Sources */ = {isa = PBXBuildFile; fileRef = 3A0175E02C04AF2600AF3D6F /* ContentView.swift */; };
		3A0175E32C04AF2800AF3D6F /* Assets.xcassets in Resources */ = {isa = PBXBuildFile; fileRef = 3A0175E22C04AF2800AF3D6F /* Assets.xcassets */; };
		3A0175E62C04AF2800AF3D6F /* Preview Assets.xcassets in Resources */ = {isa = PBXBuildFile; fileRef = 3A0175E52C04AF2800AF3D6F /* Preview Assets.xcassets */; };
		3A0175F22C04DA1500AF3D6F /* sample.mp4 in Resources */ = {isa = PBXBuildFile; fileRef = 3A0175F12C04DA1500AF3D6F /* sample.mp4 */; };
		3A0477B72C09CEE80026F549 /* ShortcutManager.swift in Sources */ = {isa = PBXBuildFile; fileRef = 3A0477B62C09CEE80026F549 /* ShortcutManager.swift */; };
		3A0477B92C09D0160026F549 /* KeyCombinationInputView.swift in Sources */ = {isa = PBXBuildFile; fileRef = 3A0477B82C09D0160026F549 /* KeyCombinationInputView.swift */; };
		3A0477BB2C09D0390026F549 /* ShortcutSettingsView.swift in Sources */ = {isa = PBXBuildFile; fileRef = 3A0477BA2C09D0390026F549 /* ShortcutSettingsView.swift */; };
		3A2D77252C08AC87001DBDE7 /* FrameListView.swift in Sources */ = {isa = PBXBuildFile; fileRef = 3A2D77242C08AC87001DBDE7 /* FrameListView.swift */; };
		3A2D77272C08AC9C001DBDE7 /* LogView.swift in Sources */ = {isa = PBXBuildFile; fileRef = 3A2D77262C08AC9C001DBDE7 /* LogView.swift */; };
		3A2D77292C08ACE7001DBDE7 /* Logger.swift in Sources */ = {isa = PBXBuildFile; fileRef = 3A2D77282C08ACE7001DBDE7 /* Logger.swift */; };
		3A2D772B2C08AD8D001DBDE7 /* CanvasView.swift in Sources */ = {isa = PBXBuildFile; fileRef = 3A2D772A2C08AD8D001DBDE7 /* CanvasView.swift */; };
		3A2D772D2C08ADB2001DBDE7 /* ControlView.swift in Sources */ = {isa = PBXBuildFile; fileRef = 3A2D772C2C08ADB2001DBDE7 /* ControlView.swift */; };
		3A2D77302C08AECB001DBDE7 /* FrameExtractor.swift in Sources */ = {isa = PBXBuildFile; fileRef = 3A2D772F2C08AECB001DBDE7 /* FrameExtractor.swift */; };
		3A8404E82C170F440095BF16 /* FrameManagement.swift in Sources */ = {isa = PBXBuildFile; fileRef = 3A8404E72C170F440095BF16 /* FrameManagement.swift */; };
		3AE164442C07C4350089443A /* Modelsseperatelater.swift in Sources */ = {isa = PBXBuildFile; fileRef = 3AE164432C07C4350089443A /* Modelsseperatelater.swift */; };
		3AE1645E2C07CFC20089443A /* RealmSwift in Frameworks */ = {isa = PBXBuildFile; productRef = 3AE1645D2C07CFC20089443A /* RealmSwift */; };
		3AE1645F2C07CFCA0089443A /* RealmSwift in Embed Frameworks */ = {isa = PBXBuildFile; productRef = 3AE1645D2C07CFC20089443A /* RealmSwift */; settings = {ATTRIBUTES = (CodeSignOnCopy, ); }; };
		3AE164612C07E0BC0089443A /* RealmManager.swift in Sources */ = {isa = PBXBuildFile; fileRef = 3AE164602C07E0BC0089443A /* RealmManager.swift */; };
		3AFBB45D2C07FF2100EC3F75 /* PathExtension.swift in Sources */ = {isa = PBXBuildFile; fileRef = 3AFBB45C2C07FF2100EC3F75 /* PathExtension.swift */; };
/* End PBXBuildFile section */

/* Begin PBXCopyFilesBuildPhase section */
		3AE164562C07CE5E0089443A /* Embed Frameworks */ = {
			isa = PBXCopyFilesBuildPhase;
			buildActionMask = 2147483647;
			dstPath = "";
			dstSubfolderSpec = 10;
			files = (
				3AE1645F2C07CFCA0089443A /* RealmSwift in Embed Frameworks */,
			);
			name = "Embed Frameworks";
			runOnlyForDeploymentPostprocessing = 0;
		};
/* End PBXCopyFilesBuildPhase section */

/* Begin PBXFileReference section */
		3A0175DB2C04AF2600AF3D6F /* FrameSkin.app */ = {isa = PBXFileReference; explicitFileType = wrapper.application; includeInIndex = 0; path = FrameSkin.app; sourceTree = BUILT_PRODUCTS_DIR; };
		3A0175DE2C04AF2600AF3D6F /* FrameSkinApp.swift */ = {isa = PBXFileReference; lastKnownFileType = sourcecode.swift; path = FrameSkinApp.swift; sourceTree = "<group>"; };
		3A0175E02C04AF2600AF3D6F /* ContentView.swift */ = {isa = PBXFileReference; lastKnownFileType = sourcecode.swift; path = ContentView.swift; sourceTree = "<group>"; };
		3A0175E22C04AF2800AF3D6F /* Assets.xcassets */ = {isa = PBXFileReference; lastKnownFileType = folder.assetcatalog; path = Assets.xcassets; sourceTree = "<group>"; };
		3A0175E52C04AF2800AF3D6F /* Preview Assets.xcassets */ = {isa = PBXFileReference; lastKnownFileType = folder.assetcatalog; path = "Preview Assets.xcassets"; sourceTree = "<group>"; };
		3A0175EE2C04BD3100AF3D6F /* dummy.md */ = {isa = PBXFileReference; lastKnownFileType = net.daringfireball.markdown; path = dummy.md; sourceTree = "<group>"; };
		3A0175F12C04DA1500AF3D6F /* sample.mp4 */ = {isa = PBXFileReference; lastKnownFileType = file; path = sample.mp4; sourceTree = "<group>"; };
		3A0477B62C09CEE80026F549 /* ShortcutManager.swift */ = {isa = PBXFileReference; lastKnownFileType = sourcecode.swift; path = ShortcutManager.swift; sourceTree = "<group>"; };
		3A0477B82C09D0160026F549 /* KeyCombinationInputView.swift */ = {isa = PBXFileReference; lastKnownFileType = sourcecode.swift; path = KeyCombinationInputView.swift; sourceTree = "<group>"; };
		3A0477BA2C09D0390026F549 /* ShortcutSettingsView.swift */ = {isa = PBXFileReference; lastKnownFileType = sourcecode.swift; path = ShortcutSettingsView.swift; sourceTree = "<group>"; };
		3A2D77242C08AC87001DBDE7 /* FrameListView.swift */ = {isa = PBXFileReference; lastKnownFileType = sourcecode.swift; path = FrameListView.swift; sourceTree = "<group>"; };
		3A2D77262C08AC9C001DBDE7 /* LogView.swift */ = {isa = PBXFileReference; lastKnownFileType = sourcecode.swift; path = LogView.swift; sourceTree = "<group>"; };
		3A2D77282C08ACE7001DBDE7 /* Logger.swift */ = {isa = PBXFileReference; lastKnownFileType = sourcecode.swift; path = Logger.swift; sourceTree = "<group>"; };
		3A2D772A2C08AD8D001DBDE7 /* CanvasView.swift */ = {isa = PBXFileReference; lastKnownFileType = sourcecode.swift; path = CanvasView.swift; sourceTree = "<group>"; };
		3A2D772C2C08ADB2001DBDE7 /* ControlView.swift */ = {isa = PBXFileReference; lastKnownFileType = sourcecode.swift; path = ControlView.swift; sourceTree = "<group>"; };
		3A2D772F2C08AECB001DBDE7 /* FrameExtractor.swift */ = {isa = PBXFileReference; lastKnownFileType = sourcecode.swift; path = FrameExtractor.swift; sourceTree = "<group>"; };
		3A8404E72C170F440095BF16 /* FrameManagement.swift */ = {isa = PBXFileReference; lastKnownFileType = sourcecode.swift; path = FrameManagement.swift; sourceTree = "<group>"; };
		3AE164432C07C4350089443A /* Modelsseperatelater.swift */ = {isa = PBXFileReference; lastKnownFileType = sourcecode.swift; path = Modelsseperatelater.swift; sourceTree = "<group>"; };
		3AE164602C07E0BC0089443A /* RealmManager.swift */ = {isa = PBXFileReference; lastKnownFileType = sourcecode.swift; path = RealmManager.swift; sourceTree = "<group>"; };
		3AFBB45C2C07FF2100EC3F75 /* PathExtension.swift */ = {isa = PBXFileReference; lastKnownFileType = sourcecode.swift; path = PathExtension.swift; sourceTree = "<group>"; };
/* End PBXFileReference section */

/* Begin PBXFrameworksBuildPhase section */
		3A0175D82C04AF2600AF3D6F /* Frameworks */ = {
			isa = PBXFrameworksBuildPhase;
			buildActionMask = 2147483647;
			files = (
				3AE1645E2C07CFC20089443A /* RealmSwift in Frameworks */,
			);
			runOnlyForDeploymentPostprocessing = 0;
		};
/* End PBXFrameworksBuildPhase section */

/* Begin PBXGroup section */
		3A0175D22C04AF2600AF3D6F = {
			isa = PBXGroup;
			children = (
				3A0175DD2C04AF2600AF3D6F /* FrameSkin */,
				3A0175DC2C04AF2600AF3D6F /* Products */,
			);
			sourceTree = "<group>";
		};
		3A0175DC2C04AF2600AF3D6F /* Products */ = {
			isa = PBXGroup;
			children = (
				3A0175DB2C04AF2600AF3D6F /* FrameSkin.app */,
			);
			name = Products;
			sourceTree = "<group>";
		};
		3A0175DD2C04AF2600AF3D6F /* FrameSkin */ = {
			isa = PBXGroup;
			children = (
				3A2D772E2C08AEA4001DBDE7 /* Modules */,
				3A2D77232C08AC6E001DBDE7 /* Views */,
				3AFBB45B2C07FF0D00EC3F75 /* Extensions */,
				3AE164422C07C3F90089443A /* Models */,
				3A0175F12C04DA1500AF3D6F /* sample.mp4 */,
				3A0175DE2C04AF2600AF3D6F /* FrameSkinApp.swift */,
				3A0175E22C04AF2800AF3D6F /* Assets.xcassets */,
				3A0175E42C04AF2800AF3D6F /* Preview Content */,
				3A0175EE2C04BD3100AF3D6F /* dummy.md */,
				3A2D77282C08ACE7001DBDE7 /* Logger.swift */,
			);
			path = FrameSkin;
			sourceTree = "<group>";
		};
		3A0175E42C04AF2800AF3D6F /* Preview Content */ = {
			isa = PBXGroup;
			children = (
				3A0175E52C04AF2800AF3D6F /* Preview Assets.xcassets */,
			);
			path = "Preview Content";
			sourceTree = "<group>";
		};
		3A2D77232C08AC6E001DBDE7 /* Views */ = {
			isa = PBXGroup;
			children = (
				3A0175E02C04AF2600AF3D6F /* ContentView.swift */,
				3A2D77242C08AC87001DBDE7 /* FrameListView.swift */,
				3A2D77262C08AC9C001DBDE7 /* LogView.swift */,
				3A2D772A2C08AD8D001DBDE7 /* CanvasView.swift */,
				3A2D772C2C08ADB2001DBDE7 /* ControlView.swift */,
				3A0477B82C09D0160026F549 /* KeyCombinationInputView.swift */,
				3A0477BA2C09D0390026F549 /* ShortcutSettingsView.swift */,
				3A8404E72C170F440095BF16 /* FrameManagement.swift */,
			);
			path = Views;
			sourceTree = "<group>";
		};
		3A2D772E2C08AEA4001DBDE7 /* Modules */ = {
			isa = PBXGroup;
			children = (
				3A2D772F2C08AECB001DBDE7 /* FrameExtractor.swift */,
				3A0477B62C09CEE80026F549 /* ShortcutManager.swift */,
			);
			path = Modules;
			sourceTree = "<group>";
		};
		3AE164422C07C3F90089443A /* Models */ = {
			isa = PBXGroup;
			children = (
				3AE164432C07C4350089443A /* Modelsseperatelater.swift */,
				3AE164602C07E0BC0089443A /* RealmManager.swift */,
			);
			path = Models;
			sourceTree = "<group>";
		};
		3AFBB45B2C07FF0D00EC3F75 /* Extensions */ = {
			isa = PBXGroup;
			children = (
				3AFBB45C2C07FF2100EC3F75 /* PathExtension.swift */,
			);
			path = Extensions;
			sourceTree = "<group>";
		};
/* End PBXGroup section */

/* Begin PBXNativeTarget section */
		3A0175DA2C04AF2600AF3D6F /* FrameSkin */ = {
			isa = PBXNativeTarget;
			buildConfigurationList = 3A0175E92C04AF2800AF3D6F /* Build configuration list for PBXNativeTarget "FrameSkin" */;
			buildPhases = (
				3A0175D72C04AF2600AF3D6F /* Sources */,
				3A0175D82C04AF2600AF3D6F /* Frameworks */,
				3A0175D92C04AF2600AF3D6F /* Resources */,
				3AE164562C07CE5E0089443A /* Embed Frameworks */,
			);
			buildRules = (
			);
			dependencies = (
			);
			name = FrameSkin;
			packageProductDependencies = (
				3AE1645D2C07CFC20089443A /* RealmSwift */,
			);
			productName = FrameSkin;
			productReference = 3A0175DB2C04AF2600AF3D6F /* FrameSkin.app */;
			productType = "com.apple.product-type.application";
		};
/* End PBXNativeTarget section */

/* Begin PBXProject section */
		3A0175D32C04AF2600AF3D6F /* Project object */ = {
			isa = PBXProject;
			attributes = {
				BuildIndependentTargetsInParallel = 1;
				LastSwiftUpdateCheck = 1540;
				LastUpgradeCheck = 1540;
				TargetAttributes = {
					3A0175DA2C04AF2600AF3D6F = {
						CreatedOnToolsVersion = 15.4;
					};
				};
			};
			buildConfigurationList = 3A0175D62C04AF2600AF3D6F /* Build configuration list for PBXProject "FrameSkin" */;
			compatibilityVersion = "Xcode 14.0";
			developmentRegion = en;
			hasScannedForEncodings = 0;
			knownRegions = (
				en,
				Base,
			);
			mainGroup = 3A0175D22C04AF2600AF3D6F;
			packageReferences = (
				3AE1645C2C07CFC20089443A /* XCRemoteSwiftPackageReference "realm-swift" */,
			);
			productRefGroup = 3A0175DC2C04AF2600AF3D6F /* Products */;
			projectDirPath = "";
			projectRoot = "";
			targets = (
				3A0175DA2C04AF2600AF3D6F /* FrameSkin */,
			);
		};
/* End PBXProject section */

/* Begin PBXResourcesBuildPhase section */
		3A0175D92C04AF2600AF3D6F /* Resources */ = {
			isa = PBXResourcesBuildPhase;
			buildActionMask = 2147483647;
			files = (
				3A0175E62C04AF2800AF3D6F /* Preview Assets.xcassets in Resources */,
				3A0175F22C04DA1500AF3D6F /* sample.mp4 in Resources */,
				3A0175E32C04AF2800AF3D6F /* Assets.xcassets in Resources */,
			);
			runOnlyForDeploymentPostprocessing = 0;
		};
/* End PBXResourcesBuildPhase section */

/* Begin PBXSourcesBuildPhase section */
		3A0175D72C04AF2600AF3D6F /* Sources */ = {
			isa = PBXSourcesBuildPhase;
			buildActionMask = 2147483647;
			files = (
				3A0175E12C04AF2600AF3D6F /* ContentView.swift in Sources */,
				3A2D77302C08AECB001DBDE7 /* FrameExtractor.swift in Sources */,
				3AE164612C07E0BC0089443A /* RealmManager.swift in Sources */,
				3A0477BB2C09D0390026F549 /* ShortcutSettingsView.swift in Sources */,
				3A2D77252C08AC87001DBDE7 /* FrameListView.swift in Sources */,
				3A8404E82C170F440095BF16 /* FrameManagement.swift in Sources */,
				3AFBB45D2C07FF2100EC3F75 /* PathExtension.swift in Sources */,
				3A2D772D2C08ADB2001DBDE7 /* ControlView.swift in Sources */,
				3A0175DF2C04AF2600AF3D6F /* FrameSkinApp.swift in Sources */,
				3A0477B72C09CEE80026F549 /* ShortcutManager.swift in Sources */,
				3AE164442C07C4350089443A /* Modelsseperatelater.swift in Sources */,
				3A2D77272C08AC9C001DBDE7 /* LogView.swift in Sources */,
				3A2D77292C08ACE7001DBDE7 /* Logger.swift in Sources */,
				3A2D772B2C08AD8D001DBDE7 /* CanvasView.swift in Sources */,
				3A0477B92C09D0160026F549 /* KeyCombinationInputView.swift in Sources */,
			);
			runOnlyForDeploymentPostprocessing = 0;
		};
/* End PBXSourcesBuildPhase section */

/* Begin XCBuildConfiguration section */
		3A0175E72C04AF2800AF3D6F /* Debug */ = {
			isa = XCBuildConfiguration;
			buildSettings = {
				ALWAYS_SEARCH_USER_PATHS = NO;
				ASSETCATALOG_COMPILER_GENERATE_SWIFT_ASSET_SYMBOL_EXTENSIONS = YES;
				CLANG_ANALYZER_NONNULL = YES;
				CLANG_ANALYZER_NUMBER_OBJECT_CONVERSION = YES_AGGRESSIVE;
				CLANG_CXX_LANGUAGE_STANDARD = "gnu++20";
				CLANG_ENABLE_MODULES = YES;
				CLANG_ENABLE_OBJC_ARC = YES;
				CLANG_ENABLE_OBJC_WEAK = YES;
				CLANG_WARN_BLOCK_CAPTURE_AUTORELEASING = YES;
				CLANG_WARN_BOOL_CONVERSION = YES;
				CLANG_WARN_COMMA = YES;
				CLANG_WARN_CONSTANT_CONVERSION = YES;
				CLANG_WARN_DEPRECATED_OBJC_IMPLEMENTATIONS = YES;
				CLANG_WARN_DIRECT_OBJC_ISA_USAGE = YES_ERROR;
				CLANG_WARN_DOCUMENTATION_COMMENTS = YES;
				CLANG_WARN_EMPTY_BODY = YES;
				CLANG_WARN_ENUM_CONVERSION = YES;
				CLANG_WARN_INFINITE_RECURSION = YES;
				CLANG_WARN_INT_CONVERSION = YES;
				CLANG_WARN_NON_LITERAL_NULL_CONVERSION = YES;
				CLANG_WARN_OBJC_IMPLICIT_RETAIN_SELF = YES;
				CLANG_WARN_OBJC_LITERAL_CONVERSION = YES;
				CLANG_WARN_OBJC_ROOT_CLASS = YES_ERROR;
				CLANG_WARN_QUOTED_INCLUDE_IN_FRAMEWORK_HEADER = YES;
				CLANG_WARN_RANGE_LOOP_ANALYSIS = YES;
				CLANG_WARN_STRICT_PROTOTYPES = YES;
				CLANG_WARN_SUSPICIOUS_MOVE = YES;
				CLANG_WARN_UNGUARDED_AVAILABILITY = YES_AGGRESSIVE;
				CLANG_WARN_UNREACHABLE_CODE = YES;
				CLANG_WARN__DUPLICATE_METHOD_MATCH = YES;
				COPY_PHASE_STRIP = NO;
				DEBUG_INFORMATION_FORMAT = dwarf;
				ENABLE_STRICT_OBJC_MSGSEND = YES;
				ENABLE_TESTABILITY = YES;
				ENABLE_USER_SCRIPT_SANDBOXING = YES;
				GCC_C_LANGUAGE_STANDARD = gnu17;
				GCC_DYNAMIC_NO_PIC = NO;
				GCC_NO_COMMON_BLOCKS = YES;
				GCC_OPTIMIZATION_LEVEL = 0;
				GCC_PREPROCESSOR_DEFINITIONS = (
					"DEBUG=1",
					"$(inherited)",
				);
				GCC_WARN_64_TO_32_BIT_CONVERSION = YES;
				GCC_WARN_ABOUT_RETURN_TYPE = YES_ERROR;
				GCC_WARN_UNDECLARED_SELECTOR = YES;
				GCC_WARN_UNINITIALIZED_AUTOS = YES_AGGRESSIVE;
				GCC_WARN_UNUSED_FUNCTION = YES;
				GCC_WARN_UNUSED_VARIABLE = YES;
				IPHONEOS_DEPLOYMENT_TARGET = 17.5;
				LOCALIZATION_PREFERS_STRING_CATALOGS = YES;
				MTL_ENABLE_DEBUG_INFO = INCLUDE_SOURCE;
				MTL_FAST_MATH = YES;
				ONLY_ACTIVE_ARCH = YES;
				SDKROOT = iphoneos;
				SWIFT_ACTIVE_COMPILATION_CONDITIONS = "DEBUG $(inherited)";
				SWIFT_OPTIMIZATION_LEVEL = "-Onone";
			};
			name = Debug;
		};
		3A0175E82C04AF2800AF3D6F /* Release */ = {
			isa = XCBuildConfiguration;
			buildSettings = {
				ALWAYS_SEARCH_USER_PATHS = NO;
				ASSETCATALOG_COMPILER_GENERATE_SWIFT_ASSET_SYMBOL_EXTENSIONS = YES;
				CLANG_ANALYZER_NONNULL = YES;
				CLANG_ANALYZER_NUMBER_OBJECT_CONVERSION = YES_AGGRESSIVE;
				CLANG_CXX_LANGUAGE_STANDARD = "gnu++20";
				CLANG_ENABLE_MODULES = YES;
				CLANG_ENABLE_OBJC_ARC = YES;
				CLANG_ENABLE_OBJC_WEAK = YES;
				CLANG_WARN_BLOCK_CAPTURE_AUTORELEASING = YES;
				CLANG_WARN_BOOL_CONVERSION = YES;
				CLANG_WARN_COMMA = YES;
				CLANG_WARN_CONSTANT_CONVERSION = YES;
				CLANG_WARN_DEPRECATED_OBJC_IMPLEMENTATIONS = YES;
				CLANG_WARN_DIRECT_OBJC_ISA_USAGE = YES_ERROR;
				CLANG_WARN_DOCUMENTATION_COMMENTS = YES;
				CLANG_WARN_EMPTY_BODY = YES;
				CLANG_WARN_ENUM_CONVERSION = YES;
				CLANG_WARN_INFINITE_RECURSION = YES;
				CLANG_WARN_INT_CONVERSION = YES;
				CLANG_WARN_NON_LITERAL_NULL_CONVERSION = YES;
				CLANG_WARN_OBJC_IMPLICIT_RETAIN_SELF = YES;
				CLANG_WARN_OBJC_LITERAL_CONVERSION = YES;
				CLANG_WARN_OBJC_ROOT_CLASS = YES_ERROR;
				CLANG_WARN_QUOTED_INCLUDE_IN_FRAMEWORK_HEADER = YES;
				CLANG_WARN_RANGE_LOOP_ANALYSIS = YES;
				CLANG_WARN_STRICT_PROTOTYPES = YES;
				CLANG_WARN_SUSPICIOUS_MOVE = YES;
				CLANG_WARN_UNGUARDED_AVAILABILITY = YES_AGGRESSIVE;
				CLANG_WARN_UNREACHABLE_CODE = YES;
				CLANG_WARN__DUPLICATE_METHOD_MATCH = YES;
				COPY_PHASE_STRIP = NO;
				DEBUG_INFORMATION_FORMAT = "dwarf-with-dsym";
				ENABLE_NS_ASSERTIONS = NO;
				ENABLE_STRICT_OBJC_MSGSEND = YES;
				ENABLE_USER_SCRIPT_SANDBOXING = YES;
				GCC_C_LANGUAGE_STANDARD = gnu17;
				GCC_NO_COMMON_BLOCKS = YES;
				GCC_WARN_64_TO_32_BIT_CONVERSION = YES;
				GCC_WARN_ABOUT_RETURN_TYPE = YES_ERROR;
				GCC_WARN_UNDECLARED_SELECTOR = YES;
				GCC_WARN_UNINITIALIZED_AUTOS = YES_AGGRESSIVE;
				GCC_WARN_UNUSED_FUNCTION = YES;
				GCC_WARN_UNUSED_VARIABLE = YES;
				IPHONEOS_DEPLOYMENT_TARGET = 17.5;
				LOCALIZATION_PREFERS_STRING_CATALOGS = YES;
				MTL_ENABLE_DEBUG_INFO = NO;
				MTL_FAST_MATH = YES;
				SDKROOT = iphoneos;
				SWIFT_COMPILATION_MODE = wholemodule;
				VALIDATE_PRODUCT = YES;
			};
			name = Release;
		};
		3A0175EA2C04AF2800AF3D6F /* Debug */ = {
			isa = XCBuildConfiguration;
			buildSettings = {
				ASSETCATALOG_COMPILER_APPICON_NAME = AppIcon;
				ASSETCATALOG_COMPILER_GLOBAL_ACCENT_COLOR_NAME = AccentColor;
				CODE_SIGN_STYLE = Automatic;
				CURRENT_PROJECT_VERSION = 1;
				DEVELOPMENT_ASSET_PATHS = "\"FrameSkin/Preview Content\"";
				DEVELOPMENT_TEAM = GSBGP6W934;
				ENABLE_PREVIEWS = YES;
				GENERATE_INFOPLIST_FILE = YES;
				INFOPLIST_KEY_UIApplicationSceneManifest_Generation = YES;
				INFOPLIST_KEY_UIApplicationSupportsIndirectInputEvents = YES;
				INFOPLIST_KEY_UILaunchScreen_Generation = YES;
				INFOPLIST_KEY_UISupportedInterfaceOrientations_iPad = "UIInterfaceOrientationPortrait UIInterfaceOrientationPortraitUpsideDown UIInterfaceOrientationLandscapeLeft UIInterfaceOrientationLandscapeRight";
				INFOPLIST_KEY_UISupportedInterfaceOrientations_iPhone = "UIInterfaceOrientationPortrait UIInterfaceOrientationLandscapeLeft UIInterfaceOrientationLandscapeRight";
				IPHONEOS_DEPLOYMENT_TARGET = 16.5;
				LD_RUNPATH_SEARCH_PATHS = (
					"$(inherited)",
					"@executable_path/Frameworks",
				);
				MARKETING_VERSION = 1.0;
				PRODUCT_BUNDLE_IDENTIFIER = com.AnimeAI.FrameSkin;
				PRODUCT_NAME = "$(TARGET_NAME)";
				SUPPORTED_PLATFORMS = "iphoneos iphonesimulator";
				SUPPORTS_MACCATALYST = NO;
				SUPPORTS_XR_DESIGNED_FOR_IPHONE_IPAD = NO;
				SWIFT_EMIT_LOC_STRINGS = YES;
				SWIFT_VERSION = 5.0;
				TARGETED_DEVICE_FAMILY = 2;
			};
			name = Debug;
		};
		3A0175EB2C04AF2800AF3D6F /* Release */ = {
			isa = XCBuildConfiguration;
			buildSettings = {
				ASSETCATALOG_COMPILER_APPICON_NAME = AppIcon;
				ASSETCATALOG_COMPILER_GLOBAL_ACCENT_COLOR_NAME = AccentColor;
				CODE_SIGN_STYLE = Automatic;
				CURRENT_PROJECT_VERSION = 1;
				DEVELOPMENT_ASSET_PATHS = "\"FrameSkin/Preview Content\"";
				DEVELOPMENT_TEAM = GSBGP6W934;
				ENABLE_PREVIEWS = YES;
				GENERATE_INFOPLIST_FILE = YES;
				INFOPLIST_KEY_UIApplicationSceneManifest_Generation = YES;
				INFOPLIST_KEY_UIApplicationSupportsIndirectInputEvents = YES;
				INFOPLIST_KEY_UILaunchScreen_Generation = YES;
				INFOPLIST_KEY_UISupportedInterfaceOrientations_iPad = "UIInterfaceOrientationPortrait UIInterfaceOrientationPortraitUpsideDown UIInterfaceOrientationLandscapeLeft UIInterfaceOrientationLandscapeRight";
				INFOPLIST_KEY_UISupportedInterfaceOrientations_iPhone = "UIInterfaceOrientationPortrait UIInterfaceOrientationLandscapeLeft UIInterfaceOrientationLandscapeRight";
				IPHONEOS_DEPLOYMENT_TARGET = 16.5;
				LD_RUNPATH_SEARCH_PATHS = (
					"$(inherited)",
					"@executable_path/Frameworks",
				);
				MARKETING_VERSION = 1.0;
				PRODUCT_BUNDLE_IDENTIFIER = com.AnimeAI.FrameSkin;
				PRODUCT_NAME = "$(TARGET_NAME)";
				SUPPORTED_PLATFORMS = "iphoneos iphonesimulator";
				SUPPORTS_MACCATALYST = NO;
				SUPPORTS_XR_DESIGNED_FOR_IPHONE_IPAD = NO;
				SWIFT_EMIT_LOC_STRINGS = YES;
				SWIFT_VERSION = 5.0;
				TARGETED_DEVICE_FAMILY = 2;
			};
			name = Release;
		};
/* End XCBuildConfiguration section */

/* Begin XCConfigurationList section */
		3A0175D62C04AF2600AF3D6F /* Build configuration list for PBXProject "FrameSkin" */ = {
			isa = XCConfigurationList;
			buildConfigurations = (
				3A0175E72C04AF2800AF3D6F /* Debug */,
				3A0175E82C04AF2800AF3D6F /* Release */,
			);
			defaultConfigurationIsVisible = 0;
			defaultConfigurationName = Release;
		};
		3A0175E92C04AF2800AF3D6F /* Build configuration list for PBXNativeTarget "FrameSkin" */ = {
			isa = XCConfigurationList;
			buildConfigurations = (
				3A0175EA2C04AF2800AF3D6F /* Debug */,
				3A0175EB2C04AF2800AF3D6F /* Release */,
			);
			defaultConfigurationIsVisible = 0;
			defaultConfigurationName = Release;
		};
/* End XCConfigurationList section */

/* Begin XCRemoteSwiftPackageReference section */
		3AE1645C2C07CFC20089443A /* XCRemoteSwiftPackageReference "realm-swift" */ = {
			isa = XCRemoteSwiftPackageReference;
			repositoryURL = "https://github.com/realm/realm-swift.git";
			requirement = {
				branch = master;
				kind = branch;
			};
		};
/* End XCRemoteSwiftPackageReference section */

/* Begin XCSwiftPackageProductDependency section */
		3AE1645D2C07CFC20089443A /* RealmSwift */ = {
			isa = XCSwiftPackageProductDependency;
			package = 3AE1645C2C07CFC20089443A /* XCRemoteSwiftPackageReference "realm-swift" */;
			productName = RealmSwift;
		};
/* End XCSwiftPackageProductDependency section */
	};
	rootObject = 3A0175D32C04AF2600AF3D6F /* Project object */;
}
